
Microsoft Visual Studio Solution File, Format Version 12.00
# Visual Studio 14
VisualStudioVersion = 14.0.24720.0
MinimumVisualStudioVersion = 10.0.40219.1
Project("{FAE04EC0-301F-11D3-BF4B-00C04F79EFBC}") = "Phaser-Javascript-Project-Template", "Phaser-Javascript-Project-Template\Phaser-Javascript-Project-Template.csproj", "{87F01DD4-5B73-4088-A39A-8E19ED56212B}"
EndProject
Global
	GlobalSection(SolutionConfigurationPlatforms) = preSolution
		Debug|Any CPU = Debug|Any CPU
		Release|Any CPU = Release|Any CPU
	EndGlobalSection
	GlobalSection(ProjectConfigurationPlatforms) = postSolution
		{87F01DD4-5B73-4088-A39A-8E19ED56212B}.Debug|Any CPU.ActiveCfg = Debug|Any CPU
		{87F01DD4-5B73-4088-A39A-8E19ED56212B}.Debug|Any CPU.Build.0 = Debug|Any CPU
		{87F01DD4-5B73-4088-A39A-8E19ED56212B}.Release|Any CPU.ActiveCfg = Release|Any CPU
		{87F01DD4-5B73-4088-A39A-8E19ED56212B}.Release|Any CPU.Build.0 = Release|Any CPU
	EndGlobalSection
	GlobalSection(SolutionProperties) = preSolution
		HideSolutionNode = FALSE
	EndGlobalSection
EndGlobal
